// !$*UTF8*$!
{
	archiveVersion = 1;
	classes = {
	};
	objectVersion = 50;
	objects = {

/* Begin PBXBuildFile section */
		61159F79217813120083510C /* Kingfisher.swift in Sources */ = {isa = PBXBuildFile; fileRef = 61159F78217813120083510C /* Kingfisher.swift */; };
		61159F7B2178152A0083510C /* String+MD5.swift in Sources */ = {isa = PBXBuildFile; fileRef = 61159F7A2178152A0083510C /* String+MD5.swift */; };
		61159F7D2178155E0083510C /* ThreadHelper.swift in Sources */ = {isa = PBXBuildFile; fileRef = 61159F7C2178155E0083510C /* ThreadHelper.swift */; };
		61159F7F217815D10083510C /* Box.swift in Sources */ = {isa = PBXBuildFile; fileRef = 61159F7E217815D10083510C /* Box.swift */; };
		61159F812178165C0083510C /* Resource.swift in Sources */ = {isa = PBXBuildFile; fileRef = 61159F802178165C0083510C /* Resource.swift */; };
		61159F83217817BA0083510C /* RequestModifier.swift in Sources */ = {isa = PBXBuildFile; fileRef = 61159F82217817BA0083510C /* RequestModifier.swift */; };
		61159F85217819440083510C /* Placeholder.swift in Sources */ = {isa = PBXBuildFile; fileRef = 61159F84217819440083510C /* Placeholder.swift */; };
		61159F8721781BEE0083510C /* Indicator.swift in Sources */ = {isa = PBXBuildFile; fileRef = 61159F8621781BEE0083510C /* Indicator.swift */; };
		61159F8921781FE40083510C /* KingfisherOptionsInfo.swift in Sources */ = {isa = PBXBuildFile; fileRef = 61159F8821781FE40083510C /* KingfisherOptionsInfo.swift */; };
		61159F8B217820CD0083510C /* Image.swift in Sources */ = {isa = PBXBuildFile; fileRef = 61159F8A217820CD0083510C /* Image.swift */; };
		61159F8D21784FAC0083510C /* ImageCache.swift in Sources */ = {isa = PBXBuildFile; fileRef = 61159F8C21784FAC0083510C /* ImageCache.swift */; };
		61159F8F217856D10083510C /* CacheSerializer.swift in Sources */ = {isa = PBXBuildFile; fileRef = 61159F8E217856D10083510C /* CacheSerializer.swift */; };
		61159F91217858F30083510C /* Filter.swift in Sources */ = {isa = PBXBuildFile; fileRef = 61159F90217858F30083510C /* Filter.swift */; };
		61159F9321785D1C0083510C /* FormatIndicatedCacheSerializer.swift in Sources */ = {isa = PBXBuildFile; fileRef = 61159F9221785D1C0083510C /* FormatIndicatedCacheSerializer.swift */; };
		61159F95217871B90083510C /* ImageDownloader.swift in Sources */ = {isa = PBXBuildFile; fileRef = 61159F94217871B90083510C /* ImageDownloader.swift */; };
		61159F97217871D30083510C /* ImageModifer.swift in Sources */ = {isa = PBXBuildFile; fileRef = 61159F96217871D30083510C /* ImageModifer.swift */; };
		61159F99217966AC0083510C /* KingfisherManager.swift in Sources */ = {isa = PBXBuildFile; fileRef = 61159F98217966AC0083510C /* KingfisherManager.swift */; };
		61159F9B2179A6B20083510C /* ImagePrefetcher.swift in Sources */ = {isa = PBXBuildFile; fileRef = 61159F9A2179A6B20083510C /* ImagePrefetcher.swift */; };
		61159F9D2179A9FE0083510C /* ImageProcessor.swift in Sources */ = {isa = PBXBuildFile; fileRef = 61159F9C2179A9FE0083510C /* ImageProcessor.swift */; };
		61159F9F2179AA150083510C /* ImageTransition.swift in Sources */ = {isa = PBXBuildFile; fileRef = 61159F9E2179AA150083510C /* ImageTransition.swift */; };
		61159FA1217DB02C0083510C /* ImageView+Kingfier.swift in Sources */ = {isa = PBXBuildFile; fileRef = 61159FA0217DB02C0083510C /* ImageView+Kingfier.swift */; };
		61159FA3217DB0460083510C /* UIButton+Kingfisher.swift in Sources */ = {isa = PBXBuildFile; fileRef = 61159FA2217DB0460083510C /* UIButton+Kingfisher.swift */; };
		61159FA5217DC23A0083510C /* AnimatedImageView.swift in Sources */ = {isa = PBXBuildFile; fileRef = 61159FA4217DC23A0083510C /* AnimatedImageView.swift */; };
		6131AF4B21AB95B900A3C9A6 /* ParameterEncoding.swift in Sources */ = {isa = PBXBuildFile; fileRef = 6131AF4A21AB95B900A3C9A6 /* ParameterEncoding.swift */; };
		6131AF4D21ABC4E100A3C9A6 /* MultipartFormData.swift in Sources */ = {isa = PBXBuildFile; fileRef = 6131AF4C21ABC4E100A3C9A6 /* MultipartFormData.swift */; };
		6167E9F521AE659D00C08DCD /* Response.swift in Sources */ = {isa = PBXBuildFile; fileRef = 6167E9F421AE659D00C08DCD /* Response.swift */; };
		616DC50021830BA2000BCB8C /* ThreadHelper.swift in Sources */ = {isa = PBXBuildFile; fileRef = 61159F7C2178155E0083510C /* ThreadHelper.swift */; };
		616DC50121830BA2000BCB8C /* ImageView+Kingfier.swift in Sources */ = {isa = PBXBuildFile; fileRef = 61159FA0217DB02C0083510C /* ImageView+Kingfier.swift */; };
		616DC50221830BA2000BCB8C /* FormatIndicatedCacheSerializer.swift in Sources */ = {isa = PBXBuildFile; fileRef = 61159F9221785D1C0083510C /* FormatIndicatedCacheSerializer.swift */; };
		616DC50321830BA2000BCB8C /* AnimationTransitionConfig.swift in Sources */ = {isa = PBXBuildFile; fileRef = 61B0C7422122AD2900EA827B /* AnimationTransitionConfig.swift */; };
		616DC50421830BA2000BCB8C /* ImagePrefetcher.swift in Sources */ = {isa = PBXBuildFile; fileRef = 61159F9A2179A6B20083510C /* ImagePrefetcher.swift */; };
		616DC50521830BA2000BCB8C /* Filter.swift in Sources */ = {isa = PBXBuildFile; fileRef = 61159F90217858F30083510C /* Filter.swift */; };
		616DC50621830BA2000BCB8C /* AnimationInteractiveTransition.swift in Sources */ = {isa = PBXBuildFile; fileRef = 61B0C73D2122AD2900EA827B /* AnimationInteractiveTransition.swift */; };
		616DC50721830BA2000BCB8C /* TikTokControll.swift in Sources */ = {isa = PBXBuildFile; fileRef = 61B0C7562122C68F00EA827B /* TikTokControll.swift */; };
		616DC50821830BA2000BCB8C /* String+MD5.swift in Sources */ = {isa = PBXBuildFile; fileRef = 61159F7A2178152A0083510C /* String+MD5.swift */; };
		616DC50921830BA2000BCB8C /* AnimationTikTokEffect.swift in Sources */ = {isa = PBXBuildFile; fileRef = 61B0C7412122AD2900EA827B /* AnimationTikTokEffect.swift */; };
		616DC50A21830BA2000BCB8C /* RequestModifier.swift in Sources */ = {isa = PBXBuildFile; fileRef = 61159F82217817BA0083510C /* RequestModifier.swift */; };
		616DC50B21830BA2000BCB8C /* ImageTransition.swift in Sources */ = {isa = PBXBuildFile; fileRef = 61159F9E2179AA150083510C /* ImageTransition.swift */; };
		616DC50C21830BA2000BCB8C /* Indicator.swift in Sources */ = {isa = PBXBuildFile; fileRef = 61159F8621781BEE0083510C /* Indicator.swift */; };
		616DC50D21830BA2000BCB8C /* Resource.swift in Sources */ = {isa = PBXBuildFile; fileRef = 61159F802178165C0083510C /* Resource.swift */; };
		616DC50E21830BA2000BCB8C /* AnimatedImageView.swift in Sources */ = {isa = PBXBuildFile; fileRef = 61159FA4217DC23A0083510C /* AnimatedImageView.swift */; };
		616DC50F21830BA2000BCB8C /* Kingfisher.swift in Sources */ = {isa = PBXBuildFile; fileRef = 61159F78217813120083510C /* Kingfisher.swift */; };
		616DC51021830BA2000BCB8C /* ViewController.swift in Sources */ = {isa = PBXBuildFile; fileRef = 61B0C72B2122ACFA00EA827B /* ViewController.swift */; };
		616DC51121830BA2000BCB8C /* SmoothController.swift in Sources */ = {isa = PBXBuildFile; fileRef = 61B0C7502122B3FA00EA827B /* SmoothController.swift */; };
		616DC51221830BA2000BCB8C /* ImageCache.swift in Sources */ = {isa = PBXBuildFile; fileRef = 61159F8C21784FAC0083510C /* ImageCache.swift */; };
		616DC51321830BA2000BCB8C /* KingfisherOptionsInfo.swift in Sources */ = {isa = PBXBuildFile; fileRef = 61159F8821781FE40083510C /* KingfisherOptionsInfo.swift */; };
		616DC51421830BA2000BCB8C /* KingfisherManager.swift in Sources */ = {isa = PBXBuildFile; fileRef = 61159F98217966AC0083510C /* KingfisherManager.swift */; };
		616DC51521830BA2000BCB8C /* Box.swift in Sources */ = {isa = PBXBuildFile; fileRef = 61159F7E217815D10083510C /* Box.swift */; };
		616DC51621830BA2000BCB8C /* UIViewController+SwizzleMethod.swift in Sources */ = {isa = PBXBuildFile; fileRef = 61B0C74E2122AE6500EA827B /* UIViewController+SwizzleMethod.swift */; };
		616DC51721830BA2000BCB8C /* AnimationSmoothEffect.swift in Sources */ = {isa = PBXBuildFile; fileRef = 61B0C7402122AD2900EA827B /* AnimationSmoothEffect.swift */; };
		616DC51821830BA2000BCB8C /* MagicMoveController.swift in Sources */ = {isa = PBXBuildFile; fileRef = 61B0C7542122C0D700EA827B /* MagicMoveController.swift */; };
		616DC51921830BA2000BCB8C /* MaskController.swift in Sources */ = {isa = PBXBuildFile; fileRef = 61B0C7522122B6A900EA827B /* MaskController.swift */; };
		616DC51A21830BA2000BCB8C /* AnimationBasicEffect.swift in Sources */ = {isa = PBXBuildFile; fileRef = 61B0C73C2122AD2900EA827B /* AnimationBasicEffect.swift */; };
		616DC51B21830BA2000BCB8C /* ImageModifer.swift in Sources */ = {isa = PBXBuildFile; fileRef = 61159F96217871D30083510C /* ImageModifer.swift */; };
		616DC51C21830BA2000BCB8C /* Image.swift in Sources */ = {isa = PBXBuildFile; fileRef = 61159F8A217820CD0083510C /* Image.swift */; };
		616DC51D21830BA2000BCB8C /* UIViewController+AnimationTransition.swift in Sources */ = {isa = PBXBuildFile; fileRef = 61B0C7442122AD2900EA827B /* UIViewController+AnimationTransition.swift */; };
		616DC51E21830BA2000BCB8C /* CacheSerializer.swift in Sources */ = {isa = PBXBuildFile; fileRef = 61159F8E217856D10083510C /* CacheSerializer.swift */; };
		616DC51F21830BA2000BCB8C /* AnimationMaskEffect.swift in Sources */ = {isa = PBXBuildFile; fileRef = 61B0C73F2122AD2900EA827B /* AnimationMaskEffect.swift */; };
		616DC52021830BA2000BCB8C /* UINavigationController+AnimationTransition.swift in Sources */ = {isa = PBXBuildFile; fileRef = 61B0C7432122AD2900EA827B /* UINavigationController+AnimationTransition.swift */; };
		616DC52121830BA2000BCB8C /* ImageDownloader.swift in Sources */ = {isa = PBXBuildFile; fileRef = 61159F94217871B90083510C /* ImageDownloader.swift */; };
		616DC52221830BA2000BCB8C /* AppDelegate.swift in Sources */ = {isa = PBXBuildFile; fileRef = 61B0C7292122ACFA00EA827B /* AppDelegate.swift */; };
		616DC52321830BA2000BCB8C /* ImageProcessor.swift in Sources */ = {isa = PBXBuildFile; fileRef = 61159F9C2179A9FE0083510C /* ImageProcessor.swift */; };
		616DC52421830BA2000BCB8C /* UIButton+Kingfisher.swift in Sources */ = {isa = PBXBuildFile; fileRef = 61159FA2217DB0460083510C /* UIButton+Kingfisher.swift */; };
		616DC52521830BA2000BCB8C /* Placeholder.swift in Sources */ = {isa = PBXBuildFile; fileRef = 61159F84217819440083510C /* Placeholder.swift */; };
		616DC52621830BA2000BCB8C /* AnimationMagicMoveEffect.swift in Sources */ = {isa = PBXBuildFile; fileRef = 61B0C73E2122AD2900EA827B /* AnimationMagicMoveEffect.swift */; };
		616DC52921830BA2000BCB8C /* LaunchScreen.storyboard in Resources */ = {isa = PBXBuildFile; fileRef = 61B0C7322122ACFB00EA827B /* LaunchScreen.storyboard */; };
		616DC52A21830BA2000BCB8C /* Assets.xcassets in Resources */ = {isa = PBXBuildFile; fileRef = 61B0C7302122ACFB00EA827B /* Assets.xcassets */; };
		616DC52B21830BA2000BCB8C /* Main.storyboard in Resources */ = {isa = PBXBuildFile; fileRef = 61B0C72D2122ACFB00EA827B /* Main.storyboard */; };
		61B0C72A2122ACFA00EA827B /* AppDelegate.swift in Sources */ = {isa = PBXBuildFile; fileRef = 61B0C7292122ACFA00EA827B /* AppDelegate.swift */; };
		61B0C72C2122ACFA00EA827B /* ViewController.swift in Sources */ = {isa = PBXBuildFile; fileRef = 61B0C72B2122ACFA00EA827B /* ViewController.swift */; };
		61B0C72F2122ACFB00EA827B /* Main.storyboard in Resources */ = {isa = PBXBuildFile; fileRef = 61B0C72D2122ACFB00EA827B /* Main.storyboard */; };
		61B0C7312122ACFB00EA827B /* Assets.xcassets in Resources */ = {isa = PBXBuildFile; fileRef = 61B0C7302122ACFB00EA827B /* Assets.xcassets */; };
		61B0C7342122ACFB00EA827B /* LaunchScreen.storyboard in Resources */ = {isa = PBXBuildFile; fileRef = 61B0C7322122ACFB00EA827B /* LaunchScreen.storyboard */; };
		61B0C7452122AD2900EA827B /* AnimationBasicEffect.swift in Sources */ = {isa = PBXBuildFile; fileRef = 61B0C73C2122AD2900EA827B /* AnimationBasicEffect.swift */; };
		61B0C7462122AD2900EA827B /* AnimationInteractiveTransition.swift in Sources */ = {isa = PBXBuildFile; fileRef = 61B0C73D2122AD2900EA827B /* AnimationInteractiveTransition.swift */; };
		61B0C7472122AD2900EA827B /* AnimationMagicMoveEffect.swift in Sources */ = {isa = PBXBuildFile; fileRef = 61B0C73E2122AD2900EA827B /* AnimationMagicMoveEffect.swift */; };
		61B0C7482122AD2900EA827B /* AnimationMaskEffect.swift in Sources */ = {isa = PBXBuildFile; fileRef = 61B0C73F2122AD2900EA827B /* AnimationMaskEffect.swift */; };
		61B0C7492122AD2900EA827B /* AnimationSmoothEffect.swift in Sources */ = {isa = PBXBuildFile; fileRef = 61B0C7402122AD2900EA827B /* AnimationSmoothEffect.swift */; };
		61B0C74A2122AD2900EA827B /* AnimationTikTokEffect.swift in Sources */ = {isa = PBXBuildFile; fileRef = 61B0C7412122AD2900EA827B /* AnimationTikTokEffect.swift */; };
		61B0C74B2122AD2900EA827B /* AnimationTransitionConfig.swift in Sources */ = {isa = PBXBuildFile; fileRef = 61B0C7422122AD2900EA827B /* AnimationTransitionConfig.swift */; };
		61B0C74C2122AD2900EA827B /* UINavigationController+AnimationTransition.swift in Sources */ = {isa = PBXBuildFile; fileRef = 61B0C7432122AD2900EA827B /* UINavigationController+AnimationTransition.swift */; };
		61B0C74D2122AD2900EA827B /* UIViewController+AnimationTransition.swift in Sources */ = {isa = PBXBuildFile; fileRef = 61B0C7442122AD2900EA827B /* UIViewController+AnimationTransition.swift */; };
		61B0C74F2122AE6500EA827B /* UIViewController+SwizzleMethod.swift in Sources */ = {isa = PBXBuildFile; fileRef = 61B0C74E2122AE6500EA827B /* UIViewController+SwizzleMethod.swift */; };
		61B0C7512122B3FA00EA827B /* SmoothController.swift in Sources */ = {isa = PBXBuildFile; fileRef = 61B0C7502122B3FA00EA827B /* SmoothController.swift */; };
		61B0C7532122B6A900EA827B /* MaskController.swift in Sources */ = {isa = PBXBuildFile; fileRef = 61B0C7522122B6A900EA827B /* MaskController.swift */; };
		61B0C7552122C0D700EA827B /* MagicMoveController.swift in Sources */ = {isa = PBXBuildFile; fileRef = 61B0C7542122C0D700EA827B /* MagicMoveController.swift */; };
		61B0C7572122C68F00EA827B /* TikTokControll.swift in Sources */ = {isa = PBXBuildFile; fileRef = 61B0C7562122C68F00EA827B /* TikTokControll.swift */; };
		61F4CC3C21A656AF0053195B /* DispatchQueue+Alamofire.swift in Sources */ = {isa = PBXBuildFile; fileRef = 61F4CC3B21A656AF0053195B /* DispatchQueue+Alamofire.swift */; };
		61F4CC3E21A657E70053195B /* Notifications.swift in Sources */ = {isa = PBXBuildFile; fileRef = 61F4CC3D21A657E70053195B /* Notifications.swift */; };
		61F4CC4021A658C60053195B /* Timeline.swift in Sources */ = {isa = PBXBuildFile; fileRef = 61F4CC3F21A658C60053195B /* Timeline.swift */; };
		61F4CC4221A65BCB0053195B /* Result.swift in Sources */ = {isa = PBXBuildFile; fileRef = 61F4CC4121A65BCB0053195B /* Result.swift */; };
		61F4CC4421A684E00053195B /* NetworkReachabilityManager.swift in Sources */ = {isa = PBXBuildFile; fileRef = 61F4CC4321A684E00053195B /* NetworkReachabilityManager.swift */; };
		61F4CC4621A691F00053195B /* AFError.swift in Sources */ = {isa = PBXBuildFile; fileRef = 61F4CC4521A691F00053195B /* AFError.swift */; };
		61F4CC4B21A78EF00053195B /* Alamofire.swift in Sources */ = {isa = PBXBuildFile; fileRef = 61F4CC4A21A78EF00053195B /* Alamofire.swift */; };
/* End PBXBuildFile section */

/* Begin PBXFileReference section */
		61159F78217813120083510C /* Kingfisher.swift */ = {isa = PBXFileReference; lastKnownFileType = sourcecode.swift; path = Kingfisher.swift; sourceTree = "<group>"; };
		61159F7A2178152A0083510C /* String+MD5.swift */ = {isa = PBXFileReference; lastKnownFileType = sourcecode.swift; path = "String+MD5.swift"; sourceTree = "<group>"; };
		61159F7C2178155E0083510C /* ThreadHelper.swift */ = {isa = PBXFileReference; lastKnownFileType = sourcecode.swift; path = ThreadHelper.swift; sourceTree = "<group>"; };
		61159F7E217815D10083510C /* Box.swift */ = {isa = PBXFileReference; lastKnownFileType = sourcecode.swift; path = Box.swift; sourceTree = "<group>"; };
		61159F802178165C0083510C /* Resource.swift */ = {isa = PBXFileReference; lastKnownFileType = sourcecode.swift; path = Resource.swift; sourceTree = "<group>"; };
		61159F82217817BA0083510C /* RequestModifier.swift */ = {isa = PBXFileReference; lastKnownFileType = sourcecode.swift; path = RequestModifier.swift; sourceTree = "<group>"; };
		61159F84217819440083510C /* Placeholder.swift */ = {isa = PBXFileReference; lastKnownFileType = sourcecode.swift; path = Placeholder.swift; sourceTree = "<group>"; };
		61159F8621781BEE0083510C /* Indicator.swift */ = {isa = PBXFileReference; lastKnownFileType = sourcecode.swift; path = Indicator.swift; sourceTree = "<group>"; };
		61159F8821781FE40083510C /* KingfisherOptionsInfo.swift */ = {isa = PBXFileReference; lastKnownFileType = sourcecode.swift; path = KingfisherOptionsInfo.swift; sourceTree = "<group>"; };
		61159F8A217820CD0083510C /* Image.swift */ = {isa = PBXFileReference; lastKnownFileType = sourcecode.swift; path = Image.swift; sourceTree = "<group>"; };
		61159F8C21784FAC0083510C /* ImageCache.swift */ = {isa = PBXFileReference; lastKnownFileType = sourcecode.swift; path = ImageCache.swift; sourceTree = "<group>"; };
		61159F8E217856D10083510C /* CacheSerializer.swift */ = {isa = PBXFileReference; lastKnownFileType = sourcecode.swift; path = CacheSerializer.swift; sourceTree = "<group>"; };
		61159F90217858F30083510C /* Filter.swift */ = {isa = PBXFileReference; lastKnownFileType = sourcecode.swift; path = Filter.swift; sourceTree = "<group>"; };
		61159F9221785D1C0083510C /* FormatIndicatedCacheSerializer.swift */ = {isa = PBXFileReference; lastKnownFileType = sourcecode.swift; path = FormatIndicatedCacheSerializer.swift; sourceTree = "<group>"; };
		61159F94217871B90083510C /* ImageDownloader.swift */ = {isa = PBXFileReference; lastKnownFileType = sourcecode.swift; path = ImageDownloader.swift; sourceTree = "<group>"; };
		61159F96217871D30083510C /* ImageModifer.swift */ = {isa = PBXFileReference; lastKnownFileType = sourcecode.swift; path = ImageModifer.swift; sourceTree = "<group>"; };
		61159F98217966AC0083510C /* KingfisherManager.swift */ = {isa = PBXFileReference; lastKnownFileType = sourcecode.swift; path = KingfisherManager.swift; sourceTree = "<group>"; };
		61159F9A2179A6B20083510C /* ImagePrefetcher.swift */ = {isa = PBXFileReference; lastKnownFileType = sourcecode.swift; path = ImagePrefetcher.swift; sourceTree = "<group>"; };
		61159F9C2179A9FE0083510C /* ImageProcessor.swift */ = {isa = PBXFileReference; lastKnownFileType = sourcecode.swift; path = ImageProcessor.swift; sourceTree = "<group>"; };
		61159F9E2179AA150083510C /* ImageTransition.swift */ = {isa = PBXFileReference; lastKnownFileType = sourcecode.swift; path = ImageTransition.swift; sourceTree = "<group>"; };
		61159FA0217DB02C0083510C /* ImageView+Kingfier.swift */ = {isa = PBXFileReference; lastKnownFileType = sourcecode.swift; path = "ImageView+Kingfier.swift"; sourceTree = "<group>"; };
		61159FA2217DB0460083510C /* UIButton+Kingfisher.swift */ = {isa = PBXFileReference; lastKnownFileType = sourcecode.swift; path = "UIButton+Kingfisher.swift"; sourceTree = "<group>"; };
		61159FA4217DC23A0083510C /* AnimatedImageView.swift */ = {isa = PBXFileReference; lastKnownFileType = sourcecode.swift; path = AnimatedImageView.swift; sourceTree = "<group>"; };
		6131AF4A21AB95B900A3C9A6 /* ParameterEncoding.swift */ = {isa = PBXFileReference; lastKnownFileType = sourcecode.swift; path = ParameterEncoding.swift; sourceTree = "<group>"; };
		6131AF4C21ABC4E100A3C9A6 /* MultipartFormData.swift */ = {isa = PBXFileReference; lastKnownFileType = sourcecode.swift; path = MultipartFormData.swift; sourceTree = "<group>"; };
		6167E9F421AE659D00C08DCD /* Response.swift */ = {isa = PBXFileReference; lastKnownFileType = sourcecode.swift; path = Response.swift; sourceTree = "<group>"; };
		616DC4FB218308B3000BCB8C /* ZDAnimatorDemo copy-Info.plist */ = {isa = PBXFileReference; lastKnownFileType = text.plist.xml; name = "ZDAnimatorDemo copy-Info.plist"; path = "/Users/season/Desktop/ZDAnimatorKit/ZDAnimatorDemo/ZDAnimatorDemo copy-Info.plist"; sourceTree = "<absolute>"; };
		616DC53021830BA2000BCB8C /* ZDAnimatorDemo copy.app */ = {isa = PBXFileReference; explicitFileType = wrapper.application; includeInIndex = 0; path = "ZDAnimatorDemo copy.app"; sourceTree = BUILT_PRODUCTS_DIR; };
		616DC53121830BA2000BCB8C /* ZDAnimatorDemo copy2-Info.plist */ = {isa = PBXFileReference; lastKnownFileType = text.plist.xml; name = "ZDAnimatorDemo copy2-Info.plist"; path = "/Users/season/Desktop/ZDAnimatorKit/ZDAnimatorDemo/ZDAnimatorDemo copy2-Info.plist"; sourceTree = "<absolute>"; };
		61B0C7262122ACFA00EA827B /* ZDAnimatorDemo.app */ = {isa = PBXFileReference; explicitFileType = wrapper.application; includeInIndex = 0; path = ZDAnimatorDemo.app; sourceTree = BUILT_PRODUCTS_DIR; };
		61B0C7292122ACFA00EA827B /* AppDelegate.swift */ = {isa = PBXFileReference; lastKnownFileType = sourcecode.swift; path = AppDelegate.swift; sourceTree = "<group>"; };
		61B0C72B2122ACFA00EA827B /* ViewController.swift */ = {isa = PBXFileReference; lastKnownFileType = sourcecode.swift; path = ViewController.swift; sourceTree = "<group>"; };
		61B0C72E2122ACFB00EA827B /* Base */ = {isa = PBXFileReference; lastKnownFileType = file.storyboard; name = Base; path = Base.lproj/Main.storyboard; sourceTree = "<group>"; };
		61B0C7302122ACFB00EA827B /* Assets.xcassets */ = {isa = PBXFileReference; lastKnownFileType = folder.assetcatalog; path = Assets.xcassets; sourceTree = "<group>"; };
		61B0C7332122ACFB00EA827B /* Base */ = {isa = PBXFileReference; lastKnownFileType = file.storyboard; name = Base; path = Base.lproj/LaunchScreen.storyboard; sourceTree = "<group>"; };
		61B0C7352122ACFB00EA827B /* Info.plist */ = {isa = PBXFileReference; lastKnownFileType = text.plist.xml; path = Info.plist; sourceTree = "<group>"; };
		61B0C73C2122AD2900EA827B /* AnimationBasicEffect.swift */ = {isa = PBXFileReference; fileEncoding = 4; lastKnownFileType = sourcecode.swift; path = AnimationBasicEffect.swift; sourceTree = "<group>"; };
		61B0C73D2122AD2900EA827B /* AnimationInteractiveTransition.swift */ = {isa = PBXFileReference; fileEncoding = 4; lastKnownFileType = sourcecode.swift; path = AnimationInteractiveTransition.swift; sourceTree = "<group>"; };
		61B0C73E2122AD2900EA827B /* AnimationMagicMoveEffect.swift */ = {isa = PBXFileReference; fileEncoding = 4; lastKnownFileType = sourcecode.swift; path = AnimationMagicMoveEffect.swift; sourceTree = "<group>"; };
		61B0C73F2122AD2900EA827B /* AnimationMaskEffect.swift */ = {isa = PBXFileReference; fileEncoding = 4; lastKnownFileType = sourcecode.swift; path = AnimationMaskEffect.swift; sourceTree = "<group>"; };
		61B0C7402122AD2900EA827B /* AnimationSmoothEffect.swift */ = {isa = PBXFileReference; fileEncoding = 4; lastKnownFileType = sourcecode.swift; path = AnimationSmoothEffect.swift; sourceTree = "<group>"; };
		61B0C7412122AD2900EA827B /* AnimationTikTokEffect.swift */ = {isa = PBXFileReference; fileEncoding = 4; lastKnownFileType = sourcecode.swift; path = AnimationTikTokEffect.swift; sourceTree = "<group>"; };
		61B0C7422122AD2900EA827B /* AnimationTransitionConfig.swift */ = {isa = PBXFileReference; fileEncoding = 4; lastKnownFileType = sourcecode.swift; path = AnimationTransitionConfig.swift; sourceTree = "<group>"; };
		61B0C7432122AD2900EA827B /* UINavigationController+AnimationTransition.swift */ = {isa = PBXFileReference; fileEncoding = 4; lastKnownFileType = sourcecode.swift; path = "UINavigationController+AnimationTransition.swift"; sourceTree = "<group>"; };
		61B0C7442122AD2900EA827B /* UIViewController+AnimationTransition.swift */ = {isa = PBXFileReference; fileEncoding = 4; lastKnownFileType = sourcecode.swift; path = "UIViewController+AnimationTransition.swift"; sourceTree = "<group>"; };
		61B0C74E2122AE6500EA827B /* UIViewController+SwizzleMethod.swift */ = {isa = PBXFileReference; lastKnownFileType = sourcecode.swift; path = "UIViewController+SwizzleMethod.swift"; sourceTree = "<group>"; };
		61B0C7502122B3FA00EA827B /* SmoothController.swift */ = {isa = PBXFileReference; lastKnownFileType = sourcecode.swift; path = SmoothController.swift; sourceTree = "<group>"; };
		61B0C7522122B6A900EA827B /* MaskController.swift */ = {isa = PBXFileReference; lastKnownFileType = sourcecode.swift; path = MaskController.swift; sourceTree = "<group>"; };
		61B0C7542122C0D700EA827B /* MagicMoveController.swift */ = {isa = PBXFileReference; lastKnownFileType = sourcecode.swift; path = MagicMoveController.swift; sourceTree = "<group>"; };
		61B0C7562122C68F00EA827B /* TikTokControll.swift */ = {isa = PBXFileReference; lastKnownFileType = sourcecode.swift; path = TikTokControll.swift; sourceTree = "<group>"; };
		61F4CC3B21A656AF0053195B /* DispatchQueue+Alamofire.swift */ = {isa = PBXFileReference; lastKnownFileType = sourcecode.swift; path = "DispatchQueue+Alamofire.swift"; sourceTree = "<group>"; };
		61F4CC3D21A657E70053195B /* Notifications.swift */ = {isa = PBXFileReference; lastKnownFileType = sourcecode.swift; path = Notifications.swift; sourceTree = "<group>"; };
		61F4CC3F21A658C60053195B /* Timeline.swift */ = {isa = PBXFileReference; lastKnownFileType = sourcecode.swift; path = Timeline.swift; sourceTree = "<group>"; };
		61F4CC4121A65BCB0053195B /* Result.swift */ = {isa = PBXFileReference; lastKnownFileType = sourcecode.swift; path = Result.swift; sourceTree = "<group>"; };
		61F4CC4321A684E00053195B /* NetworkReachabilityManager.swift */ = {isa = PBXFileReference; lastKnownFileType = sourcecode.swift; path = NetworkReachabilityManager.swift; sourceTree = "<group>"; };
		61F4CC4521A691F00053195B /* AFError.swift */ = {isa = PBXFileReference; lastKnownFileType = sourcecode.swift; path = AFError.swift; sourceTree = "<group>"; };
		61F4CC4A21A78EF00053195B /* Alamofire.swift */ = {isa = PBXFileReference; lastKnownFileType = sourcecode.swift; path = Alamofire.swift; sourceTree = "<group>"; };
/* End PBXFileReference section */

/* Begin PBXFrameworksBuildPhase section */
		616DC52721830BA2000BCB8C /* Frameworks */ = {
			isa = PBXFrameworksBuildPhase;
			buildActionMask = 2147483647;
			files = (
			);
			runOnlyForDeploymentPostprocessing = 0;
		};
		61B0C7232122ACFA00EA827B /* Frameworks */ = {
			isa = PBXFrameworksBuildPhase;
			buildActionMask = 2147483647;
			files = (
			);
			runOnlyForDeploymentPostprocessing = 0;
		};
/* End PBXFrameworksBuildPhase section */

/* Begin PBXGroup section */
		61159F77217812CE0083510C /* KingfisherWrite */ = {
			isa = PBXGroup;
			children = (
				61159F78217813120083510C /* Kingfisher.swift */,
				61159F98217966AC0083510C /* KingfisherManager.swift */,
				61159F8821781FE40083510C /* KingfisherOptionsInfo.swift */,
				61159F7A2178152A0083510C /* String+MD5.swift */,
				61159F7C2178155E0083510C /* ThreadHelper.swift */,
				61159F7E217815D10083510C /* Box.swift */,
				61159F802178165C0083510C /* Resource.swift */,
				61159F82217817BA0083510C /* RequestModifier.swift */,
				61159F84217819440083510C /* Placeholder.swift */,
				61159F8E217856D10083510C /* CacheSerializer.swift */,
				61159F90217858F30083510C /* Filter.swift */,
				61159F9221785D1C0083510C /* FormatIndicatedCacheSerializer.swift */,
				61159F8621781BEE0083510C /* Indicator.swift */,
				61159F8A217820CD0083510C /* Image.swift */,
				61159F8C21784FAC0083510C /* ImageCache.swift */,
				61159F94217871B90083510C /* ImageDownloader.swift */,
				61159F96217871D30083510C /* ImageModifer.swift */,
				61159F9A2179A6B20083510C /* ImagePrefetcher.swift */,
				61159F9C2179A9FE0083510C /* ImageProcessor.swift */,
				61159F9E2179AA150083510C /* ImageTransition.swift */,
				61159FA0217DB02C0083510C /* ImageView+Kingfier.swift */,
				61159FA2217DB0460083510C /* UIButton+Kingfisher.swift */,
				61159FA4217DC23A0083510C /* AnimatedImageView.swift */,
			);
			path = KingfisherWrite;
			sourceTree = "<group>";
		};
		61B0C71D2122ACFA00EA827B = {
			isa = PBXGroup;
			children = (
				61B0C7282122ACFA00EA827B /* ZDAnimatorDemo */,
				61B0C7272122ACFA00EA827B /* Products */,
				616DC4FB218308B3000BCB8C /* ZDAnimatorDemo copy-Info.plist */,
				616DC53121830BA2000BCB8C /* ZDAnimatorDemo copy2-Info.plist */,
			);
			sourceTree = "<group>";
		};
		61B0C7272122ACFA00EA827B /* Products */ = {
			isa = PBXGroup;
			children = (
				61B0C7262122ACFA00EA827B /* ZDAnimatorDemo.app */,
				616DC53021830BA2000BCB8C /* ZDAnimatorDemo copy.app */,
			);
			name = Products;
			sourceTree = "<group>";
		};
		61B0C7282122ACFA00EA827B /* ZDAnimatorDemo */ = {
			isa = PBXGroup;
			children = (
				61F4CC3A21A6554C0053195B /* AlamofireWrite */,
				61159F77217812CE0083510C /* KingfisherWrite */,
				61B0C73B2122AD2900EA827B /* ZDAnimatorKit */,
				61B0C7292122ACFA00EA827B /* AppDelegate.swift */,
				61B0C72B2122ACFA00EA827B /* ViewController.swift */,
				61B0C7502122B3FA00EA827B /* SmoothController.swift */,
				61B0C7522122B6A900EA827B /* MaskController.swift */,
				61B0C7542122C0D700EA827B /* MagicMoveController.swift */,
				61B0C7562122C68F00EA827B /* TikTokControll.swift */,
				61B0C72D2122ACFB00EA827B /* Main.storyboard */,
				61B0C7302122ACFB00EA827B /* Assets.xcassets */,
				61B0C7322122ACFB00EA827B /* LaunchScreen.storyboard */,
				61B0C7352122ACFB00EA827B /* Info.plist */,
			);
			path = ZDAnimatorDemo;
			sourceTree = "<group>";
		};
		61B0C73B2122AD2900EA827B /* ZDAnimatorKit */ = {
			isa = PBXGroup;
			children = (
				61B0C7422122AD2900EA827B /* AnimationTransitionConfig.swift */,
				61B0C73D2122AD2900EA827B /* AnimationInteractiveTransition.swift */,
				61B0C7432122AD2900EA827B /* UINavigationController+AnimationTransition.swift */,
				61B0C7442122AD2900EA827B /* UIViewController+AnimationTransition.swift */,
				61B0C74E2122AE6500EA827B /* UIViewController+SwizzleMethod.swift */,
				61B0C73C2122AD2900EA827B /* AnimationBasicEffect.swift */,
				61B0C7402122AD2900EA827B /* AnimationSmoothEffect.swift */,
				61B0C73F2122AD2900EA827B /* AnimationMaskEffect.swift */,
				61B0C73E2122AD2900EA827B /* AnimationMagicMoveEffect.swift */,
				61B0C7412122AD2900EA827B /* AnimationTikTokEffect.swift */,
			);
			path = ZDAnimatorKit;
			sourceTree = "<group>";
		};
		61F4CC3A21A6554C0053195B /* AlamofireWrite */ = {
			isa = PBXGroup;
			children = (
				61F4CC3B21A656AF0053195B /* DispatchQueue+Alamofire.swift */,
				61F4CC3D21A657E70053195B /* Notifications.swift */,
				61F4CC3F21A658C60053195B /* Timeline.swift */,
				61F4CC4121A65BCB0053195B /* Result.swift */,
				61F4CC4321A684E00053195B /* NetworkReachabilityManager.swift */,
				61F4CC4521A691F00053195B /* AFError.swift */,
				61F4CC4A21A78EF00053195B /* Alamofire.swift */,
				6131AF4A21AB95B900A3C9A6 /* ParameterEncoding.swift */,
				6131AF4C21ABC4E100A3C9A6 /* MultipartFormData.swift */,
				6167E9F421AE659D00C08DCD /* Response.swift */,
			);
			path = AlamofireWrite;
			sourceTree = "<group>";
		};
/* End PBXGroup section */

/* Begin PBXNativeTarget section */
		616DC4FE21830BA2000BCB8C /* ZDAnimatorDemo copy */ = {
			isa = PBXNativeTarget;
			buildConfigurationList = 616DC52C21830BA2000BCB8C /* Build configuration list for PBXNativeTarget "ZDAnimatorDemo copy" */;
			buildPhases = (
				616DC4FF21830BA2000BCB8C /* Sources */,
				616DC52721830BA2000BCB8C /* Frameworks */,
				616DC52821830BA2000BCB8C /* Resources */,
			);
			buildRules = (
			);
			dependencies = (
			);
			name = "ZDAnimatorDemo copy";
			productName = ZDAnimatorDemo;
			productReference = 616DC53021830BA2000BCB8C /* ZDAnimatorDemo copy.app */;
			productType = "com.apple.product-type.application";
		};
		61B0C7252122ACFA00EA827B /* ZDAnimatorDemo */ = {
			isa = PBXNativeTarget;
			buildConfigurationList = 61B0C7382122ACFB00EA827B /* Build configuration list for PBXNativeTarget "ZDAnimatorDemo" */;
			buildPhases = (
				61B0C7222122ACFA00EA827B /* Sources */,
				61B0C7232122ACFA00EA827B /* Frameworks */,
				61B0C7242122ACFA00EA827B /* Resources */,
			);
			buildRules = (
			);
			dependencies = (
			);
			name = ZDAnimatorDemo;
			productName = ZDAnimatorDemo;
			productReference = 61B0C7262122ACFA00EA827B /* ZDAnimatorDemo.app */;
			productType = "com.apple.product-type.application";
		};
/* End PBXNativeTarget section */

/* Begin PBXProject section */
		61B0C71E2122ACFA00EA827B /* Project object */ = {
			isa = PBXProject;
			attributes = {
				LastSwiftUpdateCheck = 0940;
				LastUpgradeCheck = 0940;
				ORGANIZATIONNAME = season;
				TargetAttributes = {
					61B0C7252122ACFA00EA827B = {
						CreatedOnToolsVersion = 9.4;
					};
				};
			};
			buildConfigurationList = 61B0C7212122ACFA00EA827B /* Build configuration list for PBXProject "ZDAnimatorDemo" */;
			compatibilityVersion = "Xcode 9.3";
			developmentRegion = en;
			hasScannedForEncodings = 0;
			knownRegions = (
				en,
				Base,
			);
			mainGroup = 61B0C71D2122ACFA00EA827B;
			productRefGroup = 61B0C7272122ACFA00EA827B /* Products */;
			projectDirPath = "";
			projectRoot = "";
			targets = (
				61B0C7252122ACFA00EA827B /* ZDAnimatorDemo */,
				616DC4FE21830BA2000BCB8C /* ZDAnimatorDemo copy */,
			);
		};
/* End PBXProject section */

/* Begin PBXResourcesBuildPhase section */
		616DC52821830BA2000BCB8C /* Resources */ = {
			isa = PBXResourcesBuildPhase;
			buildActionMask = 2147483647;
			files = (
				616DC52921830BA2000BCB8C /* LaunchScreen.storyboard in Resources */,
				616DC52A21830BA2000BCB8C /* Assets.xcassets in Resources */,
				616DC52B21830BA2000BCB8C /* Main.storyboard in Resources */,
			);
			runOnlyForDeploymentPostprocessing = 0;
		};
		61B0C7242122ACFA00EA827B /* Resources */ = {
			isa = PBXResourcesBuildPhase;
			buildActionMask = 2147483647;
			files = (
				61B0C7342122ACFB00EA827B /* LaunchScreen.storyboard in Resources */,
				61B0C7312122ACFB00EA827B /* Assets.xcassets in Resources */,
				61B0C72F2122ACFB00EA827B /* Main.storyboard in Resources */,
			);
			runOnlyForDeploymentPostprocessing = 0;
		};
/* End PBXResourcesBuildPhase section */

/* Begin PBXSourcesBuildPhase section */
		616DC4FF21830BA2000BCB8C /* Sources */ = {
			isa = PBXSourcesBuildPhase;
			buildActionMask = 2147483647;
			files = (
				616DC50021830BA2000BCB8C /* ThreadHelper.swift in Sources */,
				616DC50121830BA2000BCB8C /* ImageView+Kingfier.swift in Sources */,
				616DC50221830BA2000BCB8C /* FormatIndicatedCacheSerializer.swift in Sources */,
				616DC50321830BA2000BCB8C /* AnimationTransitionConfig.swift in Sources */,
				616DC50421830BA2000BCB8C /* ImagePrefetcher.swift in Sources */,
				616DC50521830BA2000BCB8C /* Filter.swift in Sources */,
				616DC50621830BA2000BCB8C /* AnimationInteractiveTransition.swift in Sources */,
				616DC50721830BA2000BCB8C /* TikTokControll.swift in Sources */,
				616DC50821830BA2000BCB8C /* String+MD5.swift in Sources */,
				616DC50921830BA2000BCB8C /* AnimationTikTokEffect.swift in Sources */,
				616DC50A21830BA2000BCB8C /* RequestModifier.swift in Sources */,
				616DC50B21830BA2000BCB8C /* ImageTransition.swift in Sources */,
				616DC50C21830BA2000BCB8C /* Indicator.swift in Sources */,
				616DC50D21830BA2000BCB8C /* Resource.swift in Sources */,
				616DC50E21830BA2000BCB8C /* AnimatedImageView.swift in Sources */,
				616DC50F21830BA2000BCB8C /* Kingfisher.swift in Sources */,
				616DC51021830BA2000BCB8C /* ViewController.swift in Sources */,
				616DC51121830BA2000BCB8C /* SmoothController.swift in Sources */,
				616DC51221830BA2000BCB8C /* ImageCache.swift in Sources */,
				616DC51321830BA2000BCB8C /* KingfisherOptionsInfo.swift in Sources */,
				616DC51421830BA2000BCB8C /* KingfisherManager.swift in Sources */,
				616DC51521830BA2000BCB8C /* Box.swift in Sources */,
				616DC51621830BA2000BCB8C /* UIViewController+SwizzleMethod.swift in Sources */,
				616DC51721830BA2000BCB8C /* AnimationSmoothEffect.swift in Sources */,
				616DC51821830BA2000BCB8C /* MagicMoveController.swift in Sources */,
				616DC51921830BA2000BCB8C /* MaskController.swift in Sources */,
				616DC51A21830BA2000BCB8C /* AnimationBasicEffect.swift in Sources */,
				616DC51B21830BA2000BCB8C /* ImageModifer.swift in Sources */,
				616DC51C21830BA2000BCB8C /* Image.swift in Sources */,
				616DC51D21830BA2000BCB8C /* UIViewController+AnimationTransition.swift in Sources */,
				616DC51E21830BA2000BCB8C /* CacheSerializer.swift in Sources */,
				616DC51F21830BA2000BCB8C /* AnimationMaskEffect.swift in Sources */,
				616DC52021830BA2000BCB8C /* UINavigationController+AnimationTransition.swift in Sources */,
				616DC52121830BA2000BCB8C /* ImageDownloader.swift in Sources */,
				616DC52221830BA2000BCB8C /* AppDelegate.swift in Sources */,
				616DC52321830BA2000BCB8C /* ImageProcessor.swift in Sources */,
				616DC52421830BA2000BCB8C /* UIButton+Kingfisher.swift in Sources */,
				616DC52521830BA2000BCB8C /* Placeholder.swift in Sources */,
				616DC52621830BA2000BCB8C /* AnimationMagicMoveEffect.swift in Sources */,
			);
			runOnlyForDeploymentPostprocessing = 0;
		};
		61B0C7222122ACFA00EA827B /* Sources */ = {
			isa = PBXSourcesBuildPhase;
			buildActionMask = 2147483647;
			files = (
				61F4CC4B21A78EF00053195B /* Alamofire.swift in Sources */,
				61159F7D2178155E0083510C /* ThreadHelper.swift in Sources */,
				61159FA1217DB02C0083510C /* ImageView+Kingfier.swift in Sources */,
				61F4CC4621A691F00053195B /* AFError.swift in Sources */,
				61159F9321785D1C0083510C /* FormatIndicatedCacheSerializer.swift in Sources */,
				61B0C74B2122AD2900EA827B /* AnimationTransitionConfig.swift in Sources */,
				6167E9F521AE659D00C08DCD /* Response.swift in Sources */,
				61159F9B2179A6B20083510C /* ImagePrefetcher.swift in Sources */,
				61159F91217858F30083510C /* Filter.swift in Sources */,
				61B0C7462122AD2900EA827B /* AnimationInteractiveTransition.swift in Sources */,
				61B0C7572122C68F00EA827B /* TikTokControll.swift in Sources */,
				61159F7B2178152A0083510C /* String+MD5.swift in Sources */,
				61B0C74A2122AD2900EA827B /* AnimationTikTokEffect.swift in Sources */,
				61159F83217817BA0083510C /* RequestModifier.swift in Sources */,
				61159F9F2179AA150083510C /* ImageTransition.swift in Sources */,
				61159F8721781BEE0083510C /* Indicator.swift in Sources */,
				61159F812178165C0083510C /* Resource.swift in Sources */,
				61159FA5217DC23A0083510C /* AnimatedImageView.swift in Sources */,
				61159F79217813120083510C /* Kingfisher.swift in Sources */,
				6131AF4D21ABC4E100A3C9A6 /* MultipartFormData.swift in Sources */,
				61B0C72C2122ACFA00EA827B /* ViewController.swift in Sources */,
				61B0C7512122B3FA00EA827B /* SmoothController.swift in Sources */,
				61F4CC4421A684E00053195B /* NetworkReachabilityManager.swift in Sources */,
				61159F8D21784FAC0083510C /* ImageCache.swift in Sources */,
				61F4CC3E21A657E70053195B /* Notifications.swift in Sources */,
				61159F8921781FE40083510C /* KingfisherOptionsInfo.swift in Sources */,
				61159F99217966AC0083510C /* KingfisherManager.swift in Sources */,
				61159F7F217815D10083510C /* Box.swift in Sources */,
				61B0C74F2122AE6500EA827B /* UIViewController+SwizzleMethod.swift in Sources */,
				61B0C7492122AD2900EA827B /* AnimationSmoothEffect.swift in Sources */,
				61B0C7552122C0D700EA827B /* MagicMoveController.swift in Sources */,
				61B0C7532122B6A900EA827B /* MaskController.swift in Sources */,
				61B0C7452122AD2900EA827B /* AnimationBasicEffect.swift in Sources */,
				61159F97217871D30083510C /* ImageModifer.swift in Sources */,
				61159F8B217820CD0083510C /* Image.swift in Sources */,
				61B0C74D2122AD2900EA827B /* UIViewController+AnimationTransition.swift in Sources */,
				61159F8F217856D10083510C /* CacheSerializer.swift in Sources */,
				6131AF4B21AB95B900A3C9A6 /* ParameterEncoding.swift in Sources */,
				61B0C7482122AD2900EA827B /* AnimationMaskEffect.swift in Sources */,
				61F4CC3C21A656AF0053195B /* DispatchQueue+Alamofire.swift in Sources */,
				61B0C74C2122AD2900EA827B /* UINavigationController+AnimationTransition.swift in Sources */,
				61159F95217871B90083510C /* ImageDownloader.swift in Sources */,
				61F4CC4021A658C60053195B /* Timeline.swift in Sources */,
				61B0C72A2122ACFA00EA827B /* AppDelegate.swift in Sources */,
				61159F9D2179A9FE0083510C /* ImageProcessor.swift in Sources */,
				61159FA3217DB0460083510C /* UIButton+Kingfisher.swift in Sources */,
				61159F85217819440083510C /* Placeholder.swift in Sources */,
				61F4CC4221A65BCB0053195B /* Result.swift in Sources */,
				61B0C7472122AD2900EA827B /* AnimationMagicMoveEffect.swift in Sources */,
			);
			runOnlyForDeploymentPostprocessing = 0;
		};
/* End PBXSourcesBuildPhase section */

/* Begin PBXVariantGroup section */
		61B0C72D2122ACFB00EA827B /* Main.storyboard */ = {
			isa = PBXVariantGroup;
			children = (
				61B0C72E2122ACFB00EA827B /* Base */,
			);
			name = Main.storyboard;
			sourceTree = "<group>";
		};
		61B0C7322122ACFB00EA827B /* LaunchScreen.storyboard */ = {
			isa = PBXVariantGroup;
			children = (
				61B0C7332122ACFB00EA827B /* Base */,
			);
			name = LaunchScreen.storyboard;
			sourceTree = "<group>";
		};
/* End PBXVariantGroup section */

/* Begin XCBuildConfiguration section */
		616DC4FC218308CC000BCB8C /* Developer */ = {
			isa = XCBuildConfiguration;
			buildSettings = {
				ALWAYS_SEARCH_USER_PATHS = NO;
				CLANG_ANALYZER_NONNULL = YES;
				CLANG_ANALYZER_NUMBER_OBJECT_CONVERSION = YES_AGGRESSIVE;
				CLANG_CXX_LANGUAGE_STANDARD = "gnu++14";
				CLANG_CXX_LIBRARY = "libc++";
				CLANG_ENABLE_MODULES = YES;
				CLANG_ENABLE_OBJC_ARC = YES;
				CLANG_ENABLE_OBJC_WEAK = YES;
				CLANG_WARN_BLOCK_CAPTURE_AUTORELEASING = YES;
				CLANG_WARN_BOOL_CONVERSION = YES;
				CLANG_WARN_COMMA = YES;
				CLANG_WARN_CONSTANT_CONVERSION = YES;
				CLANG_WARN_DEPRECATED_OBJC_IMPLEMENTATIONS = YES;
				CLANG_WARN_DIRECT_OBJC_ISA_USAGE = YES_ERROR;
				CLANG_WARN_DOCUMENTATION_COMMENTS = YES;
				CLANG_WARN_EMPTY_BODY = YES;
				CLANG_WARN_ENUM_CONVERSION = YES;
				CLANG_WARN_INFINITE_RECURSION = YES;
				CLANG_WARN_INT_CONVERSION = YES;
				CLANG_WARN_NON_LITERAL_NULL_CONVERSION = YES;
				CLANG_WARN_OBJC_IMPLICIT_RETAIN_SELF = YES;
				CLANG_WARN_OBJC_LITERAL_CONVERSION = YES;
				CLANG_WARN_OBJC_ROOT_CLASS = YES_ERROR;
				CLANG_WARN_RANGE_LOOP_ANALYSIS = YES;
				CLANG_WARN_STRICT_PROTOTYPES = YES;
				CLANG_WARN_SUSPICIOUS_MOVE = YES;
				CLANG_WARN_UNGUARDED_AVAILABILITY = YES_AGGRESSIVE;
				CLANG_WARN_UNREACHABLE_CODE = YES;
				CLANG_WARN__DUPLICATE_METHOD_MATCH = YES;
				CODE_SIGN_IDENTITY = "iPhone Developer";
				COPY_PHASE_STRIP = NO;
				DEBUG_INFORMATION_FORMAT = dwarf;
				ENABLE_STRICT_OBJC_MSGSEND = YES;
				ENABLE_TESTABILITY = YES;
				GCC_C_LANGUAGE_STANDARD = gnu11;
				GCC_DYNAMIC_NO_PIC = NO;
				GCC_NO_COMMON_BLOCKS = YES;
				GCC_OPTIMIZATION_LEVEL = 0;
				GCC_PREPROCESSOR_DEFINITIONS = (
					"DEBUG=1",
					"$(inherited)",
				);
				GCC_WARN_64_TO_32_BIT_CONVERSION = YES;
				GCC_WARN_ABOUT_RETURN_TYPE = YES_ERROR;
				GCC_WARN_UNDECLARED_SELECTOR = YES;
				GCC_WARN_UNINITIALIZED_AUTOS = YES_AGGRESSIVE;
				GCC_WARN_UNUSED_FUNCTION = YES;
				GCC_WARN_UNUSED_VARIABLE = YES;
				IPHONEOS_DEPLOYMENT_TARGET = 11.4;
				MTL_ENABLE_DEBUG_INFO = YES;
				ONLY_ACTIVE_ARCH = YES;
				SDKROOT = iphoneos;
				SWIFT_ACTIVE_COMPILATION_CONDITIONS = DEVELOPER;
				SWIFT_OPTIMIZATION_LEVEL = "-Onone";
			};
			name = Developer;
		};
		616DC4FD218308CC000BCB8C /* Developer */ = {
			isa = XCBuildConfiguration;
			buildSettings = {
				ASSETCATALOG_COMPILER_APPICON_NAME = AppIcon;
				CODE_SIGN_STYLE = Automatic;
				DEVELOPMENT_TEAM = 2U55C9DQL3;
				INFOPLIST_FILE = ZDAnimatorDemo/Info.plist;
				LD_RUNPATH_SEARCH_PATHS = (
					"$(inherited)",
					"@executable_path/Frameworks",
				);
				OTHER_SWIFT_FLAGS = "\"-D\" \"DEMO\"";
				PRODUCT_BUNDLE_IDENTIFIER = com.season.zhu.ZDAnimatorDemo;
				PRODUCT_NAME = "$(TARGET_NAME)";
				SWIFT_VERSION = 4.0;
				TARGETED_DEVICE_FAMILY = "1,2";
			};
			name = Developer;
		};
		616DC52D21830BA2000BCB8C /* Debug */ = {
			isa = XCBuildConfiguration;
			buildSettings = {
				ASSETCATALOG_COMPILER_APPICON_NAME = AppIcon;
				CODE_SIGN_STYLE = Automatic;
				DEVELOPMENT_TEAM = 2U55C9DQL3;
				GCC_PREPROCESSOR_DEFINITIONS = "$(inherited)";
				INFOPLIST_FILE = "ZDAnimatorDemo copy2-Info.plist";
				LD_RUNPATH_SEARCH_PATHS = (
					"$(inherited)",
					"@executable_path/Frameworks",
				);
				OTHER_SWIFT_FLAGS = "\"-D\" \"COPY\"";
				PRODUCT_BUNDLE_IDENTIFIER = com.season.zhu.ZDAnimatorDemo;
				PRODUCT_NAME = "$(TARGET_NAME)";
				SWIFT_VERSION = 4.0;
				TARGETED_DEVICE_FAMILY = "1,2";
			};
			name = Debug;
		};
		616DC52E21830BA2000BCB8C /* Developer */ = {
			isa = XCBuildConfiguration;
			buildSettings = {
				ASSETCATALOG_COMPILER_APPICON_NAME = AppIcon;
				CODE_SIGN_STYLE = Automatic;
				DEVELOPMENT_TEAM = 2U55C9DQL3;
				INFOPLIST_FILE = "ZDAnimatorDemo copy2-Info.plist";
				LD_RUNPATH_SEARCH_PATHS = (
					"$(inherited)",
					"@executable_path/Frameworks",
				);
				OTHER_SWIFT_FLAGS = "\"-D\" \"COPY\"";
				PRODUCT_BUNDLE_IDENTIFIER = com.season.zhu.ZDAnimatorDemo;
				PRODUCT_NAME = "$(TARGET_NAME)";
				SWIFT_VERSION = 4.0;
				TARGETED_DEVICE_FAMILY = "1,2";
			};
			name = Developer;
		};
		616DC52F21830BA2000BCB8C /* Release */ = {
			isa = XCBuildConfiguration;
			buildSettings = {
				ASSETCATALOG_COMPILER_APPICON_NAME = AppIcon;
				CODE_SIGN_STYLE = Automatic;
				DEVELOPMENT_TEAM = 2U55C9DQL3;
				INFOPLIST_FILE = "ZDAnimatorDemo copy2-Info.plist";
				LD_RUNPATH_SEARCH_PATHS = (
					"$(inherited)",
					"@executable_path/Frameworks",
				);
				OTHER_SWIFT_FLAGS = "\"-D\" \"COPY\"";
				PRODUCT_BUNDLE_IDENTIFIER = com.season.zhu.ZDAnimatorDemo;
				PRODUCT_NAME = "$(TARGET_NAME)";
				SWIFT_VERSION = 4.0;
				TARGETED_DEVICE_FAMILY = "1,2";
			};
			name = Release;
		};
		61B0C7362122ACFB00EA827B /* Debug */ = {
			isa = XCBuildConfiguration;
			buildSettings = {
				ALWAYS_SEARCH_USER_PATHS = NO;
				CLANG_ANALYZER_NONNULL = YES;
				CLANG_ANALYZER_NUMBER_OBJECT_CONVERSION = YES_AGGRESSIVE;
				CLANG_CXX_LANGUAGE_STANDARD = "gnu++14";
				CLANG_CXX_LIBRARY = "libc++";
				CLANG_ENABLE_MODULES = YES;
				CLANG_ENABLE_OBJC_ARC = YES;
				CLANG_ENABLE_OBJC_WEAK = YES;
				CLANG_WARN_BLOCK_CAPTURE_AUTORELEASING = YES;
				CLANG_WARN_BOOL_CONVERSION = YES;
				CLANG_WARN_COMMA = YES;
				CLANG_WARN_CONSTANT_CONVERSION = YES;
				CLANG_WARN_DEPRECATED_OBJC_IMPLEMENTATIONS = YES;
				CLANG_WARN_DIRECT_OBJC_ISA_USAGE = YES_ERROR;
				CLANG_WARN_DOCUMENTATION_COMMENTS = YES;
				CLANG_WARN_EMPTY_BODY = YES;
				CLANG_WARN_ENUM_CONVERSION = YES;
				CLANG_WARN_INFINITE_RECURSION = YES;
				CLANG_WARN_INT_CONVERSION = YES;
				CLANG_WARN_NON_LITERAL_NULL_CONVERSION = YES;
				CLANG_WARN_OBJC_IMPLICIT_RETAIN_SELF = YES;
				CLANG_WARN_OBJC_LITERAL_CONVERSION = YES;
				CLANG_WARN_OBJC_ROOT_CLASS = YES_ERROR;
				CLANG_WARN_RANGE_LOOP_ANALYSIS = YES;
				CLANG_WARN_STRICT_PROTOTYPES = YES;
				CLANG_WARN_SUSPICIOUS_MOVE = YES;
				CLANG_WARN_UNGUARDED_AVAILABILITY = YES_AGGRESSIVE;
				CLANG_WARN_UNREACHABLE_CODE = YES;
				CLANG_WARN__DUPLICATE_METHOD_MATCH = YES;
				CODE_SIGN_IDENTITY = "iPhone Developer";
				COPY_PHASE_STRIP = NO;
				DEBUG_INFORMATION_FORMAT = dwarf;
				ENABLE_STRICT_OBJC_MSGSEND = YES;
				ENABLE_TESTABILITY = YES;
				GCC_C_LANGUAGE_STANDARD = gnu11;
				GCC_DYNAMIC_NO_PIC = NO;
				GCC_NO_COMMON_BLOCKS = YES;
				GCC_OPTIMIZATION_LEVEL = 0;
				GCC_PREPROCESSOR_DEFINITIONS = (
					"DEBUG=1",
					"$(inherited)",
				);
				GCC_WARN_64_TO_32_BIT_CONVERSION = YES;
				GCC_WARN_ABOUT_RETURN_TYPE = YES_ERROR;
				GCC_WARN_UNDECLARED_SELECTOR = YES;
				GCC_WARN_UNINITIALIZED_AUTOS = YES_AGGRESSIVE;
				GCC_WARN_UNUSED_FUNCTION = YES;
				GCC_WARN_UNUSED_VARIABLE = YES;
				IPHONEOS_DEPLOYMENT_TARGET = 11.4;
				MTL_ENABLE_DEBUG_INFO = YES;
				ONLY_ACTIVE_ARCH = YES;
				SDKROOT = iphoneos;
				SWIFT_ACTIVE_COMPILATION_CONDITIONS = DEBUG;
				SWIFT_OPTIMIZATION_LEVEL = "-Onone";
			};
			name = Debug;
		};
		61B0C7372122ACFB00EA827B /* Release */ = {
			isa = XCBuildConfiguration;
			buildSettings = {
				ALWAYS_SEARCH_USER_PATHS = NO;
				CLANG_ANALYZER_NONNULL = YES;
				CLANG_ANALYZER_NUMBER_OBJECT_CONVERSION = YES_AGGRESSIVE;
				CLANG_CXX_LANGUAGE_STANDARD = "gnu++14";
				CLANG_CXX_LIBRARY = "libc++";
				CLANG_ENABLE_MODULES = YES;
				CLANG_ENABLE_OBJC_ARC = YES;
				CLANG_ENABLE_OBJC_WEAK = YES;
				CLANG_WARN_BLOCK_CAPTURE_AUTORELEASING = YES;
				CLANG_WARN_BOOL_CONVERSION = YES;
				CLANG_WARN_COMMA = YES;
				CLANG_WARN_CONSTANT_CONVERSION = YES;
				CLANG_WARN_DEPRECATED_OBJC_IMPLEMENTATIONS = YES;
				CLANG_WARN_DIRECT_OBJC_ISA_USAGE = YES_ERROR;
				CLANG_WARN_DOCUMENTATION_COMMENTS = YES;
				CLANG_WARN_EMPTY_BODY = YES;
				CLANG_WARN_ENUM_CONVERSION = YES;
				CLANG_WARN_INFINITE_RECURSION = YES;
				CLANG_WARN_INT_CONVERSION = YES;
				CLANG_WARN_NON_LITERAL_NULL_CONVERSION = YES;
				CLANG_WARN_OBJC_IMPLICIT_RETAIN_SELF = YES;
				CLANG_WARN_OBJC_LITERAL_CONVERSION = YES;
				CLANG_WARN_OBJC_ROOT_CLASS = YES_ERROR;
				CLANG_WARN_RANGE_LOOP_ANALYSIS = YES;
				CLANG_WARN_STRICT_PROTOTYPES = YES;
				CLANG_WARN_SUSPICIOUS_MOVE = YES;
				CLANG_WARN_UNGUARDED_AVAILABILITY = YES_AGGRESSIVE;
				CLANG_WARN_UNREACHABLE_CODE = YES;
				CLANG_WARN__DUPLICATE_METHOD_MATCH = YES;
				CODE_SIGN_IDENTITY = "iPhone Developer";
				COPY_PHASE_STRIP = NO;
				DEBUG_INFORMATION_FORMAT = "dwarf-with-dsym";
				ENABLE_NS_ASSERTIONS = NO;
				ENABLE_STRICT_OBJC_MSGSEND = YES;
				GCC_C_LANGUAGE_STANDARD = gnu11;
				GCC_NO_COMMON_BLOCKS = YES;
				GCC_WARN_64_TO_32_BIT_CONVERSION = YES;
				GCC_WARN_ABOUT_RETURN_TYPE = YES_ERROR;
				GCC_WARN_UNDECLARED_SELECTOR = YES;
				GCC_WARN_UNINITIALIZED_AUTOS = YES_AGGRESSIVE;
				GCC_WARN_UNUSED_FUNCTION = YES;
				GCC_WARN_UNUSED_VARIABLE = YES;
				IPHONEOS_DEPLOYMENT_TARGET = 11.4;
				MTL_ENABLE_DEBUG_INFO = NO;
				SDKROOT = iphoneos;
				SWIFT_COMPILATION_MODE = wholemodule;
				SWIFT_OPTIMIZATION_LEVEL = "-O";
				VALIDATE_PRODUCT = YES;
			};
			name = Release;
		};
		61B0C7392122ACFB00EA827B /* Debug */ = {
			isa = XCBuildConfiguration;
			buildSettings = {
				ASSETCATALOG_COMPILER_APPICON_NAME = AppIcon;
				CODE_SIGN_STYLE = Automatic;
				DEVELOPMENT_TEAM = 2U55C9DQL3;
				GCC_PREPROCESSOR_DEFINITIONS = "$(inherited)";
				INFOPLIST_FILE = ZDAnimatorDemo/Info.plist;
				LD_RUNPATH_SEARCH_PATHS = (
					"$(inherited)",
					"@executable_path/Frameworks",
				);
				OTHER_SWIFT_FLAGS = "\"-D\" \"DEMO\"";
				PRODUCT_BUNDLE_IDENTIFIER = com.season.zhu.ZDAnimatorDemo;
				PRODUCT_NAME = "$(TARGET_NAME)";
				SWIFT_VERSION = 4.0;
				TARGETED_DEVICE_FAMILY = "1,2";
			};
			name = Debug;
		};
		61B0C73A2122ACFB00EA827B /* Release */ = {
			isa = XCBuildConfiguration;
			buildSettings = {
				ASSETCATALOG_COMPILER_APPICON_NAME = AppIcon;
				CODE_SIGN_STYLE = Automatic;
				DEVELOPMENT_TEAM = 2U55C9DQL3;
				INFOPLIST_FILE = ZDAnimatorDemo/Info.plist;
				LD_RUNPATH_SEARCH_PATHS = (
					"$(inherited)",
					"@executable_path/Frameworks",
				);
				OTHER_SWIFT_FLAGS = "\"-D\" \"DEMO\"";
				PRODUCT_BUNDLE_IDENTIFIER = com.season.zhu.ZDAnimatorDemo;
				PRODUCT_NAME = "$(TARGET_NAME)";
				SWIFT_VERSION = 4.0;
				TARGETED_DEVICE_FAMILY = "1,2";
			};
			name = Release;
		};
/* End XCBuildConfiguration section */

/* Begin XCConfigurationList section */
		616DC52C21830BA2000BCB8C /* Build configuration list for PBXNativeTarget "ZDAnimatorDemo copy" */ = {
			isa = XCConfigurationList;
			buildConfigurations = (
				616DC52D21830BA2000BCB8C /* Debug */,
				616DC52E21830BA2000BCB8C /* Developer */,
				616DC52F21830BA2000BCB8C /* Release */,
			);
			defaultConfigurationIsVisible = 0;
			defaultConfigurationName = Release;
		};
		61B0C7212122ACFA00EA827B /* Build configuration list for PBXProject "ZDAnimatorDemo" */ = {
			isa = XCConfigurationList;
			buildConfigurations = (
				61B0C7362122ACFB00EA827B /* Debug */,
				616DC4FC218308CC000BCB8C /* Developer */,
				61B0C7372122ACFB00EA827B /* Release */,
			);
			defaultConfigurationIsVisible = 0;
			defaultConfigurationName = Release;
		};
		61B0C7382122ACFB00EA827B /* Build configuration list for PBXNativeTarget "ZDAnimatorDemo" */ = {
			isa = XCConfigurationList;
			buildConfigurations = (
				61B0C7392122ACFB00EA827B /* Debug */,
				616DC4FD218308CC000BCB8C /* Developer */,
				61B0C73A2122ACFB00EA827B /* Release */,
			);
			defaultConfigurationIsVisible = 0;
			defaultConfigurationName = Release;
		};
/* End XCConfigurationList section */
	};
	rootObject = 61B0C71E2122ACFA00EA827B /* Project object */;
}
